
Microsoft Visual Studio Solution File, Format Version 12.00
# Visual Studio 15
VisualStudioVersion = 15.0.27004.2008
MinimumVisualStudioVersion = 10.0.40219.1
Project("{2150E333-8FDC-42A3-9474-1A3956D46DE8}") = "Engine", "Engine", "{1AADA6CC-CEEB-44B8-ABF1-D32F8896C245}"
EndProject
Project("{2150E333-8FDC-42A3-9474-1A3956D46DE8}") = "Games", "Games", "{A2B1F99A-BBDB-40A6-831F-F84E8782B49D}"
EndProject
Project("{8BC9CEB8-8B4A-11D0-8D11-00A0C91BC942}") = "UE4", "Intermediate\ProjectFiles\UE4.vcxproj", "{E505E49F-A294-4DF8-B298-B6685B8FBCDD}"
EndProject
Project("{8BC9CEB8-8B4A-11D0-8D11-00A0C91BC942}") = "SalwaRTS", "Intermediate\ProjectFiles\SalwaRTS.vcxproj", "{F9F7FA4D-5910-4284-9D45-2FFA9B686855}"
EndProject
Global
	GlobalSection(SolutionConfigurationPlatforms) = preSolution
		DebugGame Editor|HTML5 = DebugGame Editor|HTML5
		DebugGame Editor|Win32 = DebugGame Editor|Win32
		DebugGame Editor|Win64 = DebugGame Editor|Win64
		DebugGame|HTML5 = DebugGame|HTML5
		DebugGame|Win32 = DebugGame|Win32
		DebugGame|Win64 = DebugGame|Win64
		Development Editor|HTML5 = Development Editor|HTML5
		Development Editor|Win32 = Development Editor|Win32
		Development Editor|Win64 = Development Editor|Win64
		Development|HTML5 = Development|HTML5
		Development|Win32 = Development|Win32
		Development|Win64 = Development|Win64
		Shipping|HTML5 = Shipping|HTML5
		Shipping|Win32 = Shipping|Win32
		Shipping|Win64 = Shipping|Win64
	EndGlobalSection
	GlobalSection(ProjectConfigurationPlatforms) = postSolution
		{E505E49F-A294-4DF8-B298-B6685B8FBCDD}.DebugGame Editor|HTML5.ActiveCfg = BuiltWithUnrealBuildTool|Win32
		{E505E49F-A294-4DF8-B298-B6685B8FBCDD}.DebugGame Editor|HTML5.Build.0 = BuiltWithUnrealBuildTool|Win32
		{E505E49F-A294-4DF8-B298-B6685B8FBCDD}.DebugGame Editor|Win32.ActiveCfg = BuiltWithUnrealBuildTool|Win32
		{E505E49F-A294-4DF8-B298-B6685B8FBCDD}.DebugGame Editor|Win32.Build.0 = BuiltWithUnrealBuildTool|Win32
		{E505E49F-A294-4DF8-B298-B6685B8FBCDD}.DebugGame Editor|Win64.ActiveCfg = BuiltWithUnrealBuildTool|Win32
		{E505E49F-A294-4DF8-B298-B6685B8FBCDD}.DebugGame Editor|Win64.Build.0 = BuiltWithUnrealBuildTool|Win32
		{E505E49F-A294-4DF8-B298-B6685B8FBCDD}.DebugGame|HTML5.ActiveCfg = BuiltWithUnrealBuildTool|Win32
		{E505E49F-A294-4DF8-B298-B6685B8FBCDD}.DebugGame|HTML5.Build.0 = BuiltWithUnrealBuildTool|Win32
		{E505E49F-A294-4DF8-B298-B6685B8FBCDD}.DebugGame|Win32.ActiveCfg = BuiltWithUnrealBuildTool|Win32
		{E505E49F-A294-4DF8-B298-B6685B8FBCDD}.DebugGame|Win32.Build.0 = BuiltWithUnrealBuildTool|Win32
		{E505E49F-A294-4DF8-B298-B6685B8FBCDD}.DebugGame|Win64.ActiveCfg = BuiltWithUnrealBuildTool|Win32
		{E505E49F-A294-4DF8-B298-B6685B8FBCDD}.DebugGame|Win64.Build.0 = BuiltWithUnrealBuildTool|Win32
		{E505E49F-A294-4DF8-B298-B6685B8FBCDD}.Development Editor|HTML5.ActiveCfg = BuiltWithUnrealBuildTool|Win32
		{E505E49F-A294-4DF8-B298-B6685B8FBCDD}.Development Editor|HTML5.Build.0 = BuiltWithUnrealBuildTool|Win32
		{E505E49F-A294-4DF8-B298-B6685B8FBCDD}.Development Editor|Win32.ActiveCfg = BuiltWithUnrealBuildTool|Win32
		{E505E49F-A294-4DF8-B298-B6685B8FBCDD}.Development Editor|Win32.Build.0 = BuiltWithUnrealBuildTool|Win32
		{E505E49F-A294-4DF8-B298-B6685B8FBCDD}.Development Editor|Win64.ActiveCfg = BuiltWithUnrealBuildTool|Win32
		{E505E49F-A294-4DF8-B298-B6685B8FBCDD}.Development Editor|Win64.Build.0 = BuiltWithUnrealBuildTool|Win32
		{E505E49F-A294-4DF8-B298-B6685B8FBCDD}.Development|HTML5.ActiveCfg = BuiltWithUnrealBuildTool|Win32
		{E505E49F-A294-4DF8-B298-B6685B8FBCDD}.Development|HTML5.Build.0 = BuiltWithUnrealBuildTool|Win32
		{E505E49F-A294-4DF8-B298-B6685B8FBCDD}.Development|Win32.ActiveCfg = BuiltWithUnrealBuildTool|Win32
		{E505E49F-A294-4DF8-B298-B6685B8FBCDD}.Development|Win32.Build.0 = BuiltWithUnrealBuildTool|Win32
		{E505E49F-A294-4DF8-B298-B6685B8FBCDD}.Development|Win64.ActiveCfg = BuiltWithUnrealBuildTool|Win32
		{E505E49F-A294-4DF8-B298-B6685B8FBCDD}.Development|Win64.Build.0 = BuiltWithUnrealBuildTool|Win32
		{E505E49F-A294-4DF8-B298-B6685B8FBCDD}.Shipping|HTML5.ActiveCfg = BuiltWithUnrealBuildTool|Win32
		{E505E49F-A294-4DF8-B298-B6685B8FBCDD}.Shipping|HTML5.Build.0 = BuiltWithUnrealBuildTool|Win32
		{E505E49F-A294-4DF8-B298-B6685B8FBCDD}.Shipping|Win32.ActiveCfg = BuiltWithUnrealBuildTool|Win32
		{E505E49F-A294-4DF8-B298-B6685B8FBCDD}.Shipping|Win32.Build.0 = BuiltWithUnrealBuildTool|Win32
		{E505E49F-A294-4DF8-B298-B6685B8FBCDD}.Shipping|Win64.ActiveCfg = BuiltWithUnrealBuildTool|Win32
		{E505E49F-A294-4DF8-B298-B6685B8FBCDD}.Shipping|Win64.Build.0 = BuiltWithUnrealBuildTool|Win32
		{F9F7FA4D-5910-4284-9D45-2FFA9B686855}.DebugGame Editor|HTML5.ActiveCfg = HTML5_DebugGame_Editor|Win32
		{F9F7FA4D-5910-4284-9D45-2FFA9B686855}.DebugGame Editor|Win32.ActiveCfg = DebugGame_Editor|Win32
		{F9F7FA4D-5910-4284-9D45-2FFA9B686855}.DebugGame Editor|Win64.ActiveCfg = DebugGame_Editor|x64
		{F9F7FA4D-5910-4284-9D45-2FFA9B686855}.DebugGame Editor|Win64.Build.0 = DebugGame_Editor|x64
		{F9F7FA4D-5910-4284-9D45-2FFA9B686855}.DebugGame|HTML5.ActiveCfg = HTML5_DebugGame_Game|Win32
		{F9F7FA4D-5910-4284-9D45-2FFA9B686855}.DebugGame|HTML5.Build.0 = HTML5_DebugGame_Game|Win32
		{F9F7FA4D-5910-4284-9D45-2FFA9B686855}.DebugGame|Win32.ActiveCfg = DebugGame_Game|Win32
		{F9F7FA4D-5910-4284-9D45-2FFA9B686855}.DebugGame|Win32.Build.0 = DebugGame_Game|Win32
		{F9F7FA4D-5910-4284-9D45-2FFA9B686855}.DebugGame|Win64.ActiveCfg = DebugGame_Game|x64
		{F9F7FA4D-5910-4284-9D45-2FFA9B686855}.DebugGame|Win64.Build.0 = DebugGame_Game|x64
		{F9F7FA4D-5910-4284-9D45-2FFA9B686855}.Development Editor|HTML5.ActiveCfg = HTML5_Development_Editor|Win32
		{F9F7FA4D-5910-4284-9D45-2FFA9B686855}.Development Editor|Win32.ActiveCfg = Development_Editor|Win32
		{F9F7FA4D-5910-4284-9D45-2FFA9B686855}.Development Editor|Win64.ActiveCfg = Development_Editor|x64
		{F9F7FA4D-5910-4284-9D45-2FFA9B686855}.Development Editor|Win64.Build.0 = Development_Editor|x64
		{F9F7FA4D-5910-4284-9D45-2FFA9B686855}.Development|HTML5.ActiveCfg = HTML5_Development_Game|Win32
		{F9F7FA4D-5910-4284-9D45-2FFA9B686855}.Development|HTML5.Build.0 = HTML5_Development_Game|Win32
		{F9F7FA4D-5910-4284-9D45-2FFA9B686855}.Development|Win32.ActiveCfg = Development_Game|Win32
		{F9F7FA4D-5910-4284-9D45-2FFA9B686855}.Development|Win32.Build.0 = Development_Game|Win32
		{F9F7FA4D-5910-4284-9D45-2FFA9B686855}.Development|Win64.ActiveCfg = Development_Game|x64
		{F9F7FA4D-5910-4284-9D45-2FFA9B686855}.Development|Win64.Build.0 = Development_Game|x64
		{F9F7FA4D-5910-4284-9D45-2FFA9B686855}.Shipping|HTML5.ActiveCfg = HTML5_Shipping_Game|Win32
		{F9F7FA4D-5910-4284-9D45-2FFA9B686855}.Shipping|HTML5.Build.0 = HTML5_Shipping_Game|Win32
		{F9F7FA4D-5910-4284-9D45-2FFA9B686855}.Shipping|Win32.ActiveCfg = Shipping_Game|Win32
		{F9F7FA4D-5910-4284-9D45-2FFA9B686855}.Shipping|Win32.Build.0 = Shipping_Game|Win32
		{F9F7FA4D-5910-4284-9D45-2FFA9B686855}.Shipping|Win64.ActiveCfg = Shipping_Game|x64
		{F9F7FA4D-5910-4284-9D45-2FFA9B686855}.Shipping|Win64.Build.0 = Shipping_Game|x64
	EndGlobalSection
	GlobalSection(SolutionProperties) = preSolution
		HideSolutionNode = FALSE
	EndGlobalSection
	GlobalSection(NestedProjects) = preSolution
		{E505E49F-A294-4DF8-B298-B6685B8FBCDD} = {1AADA6CC-CEEB-44B8-ABF1-D32F8896C245}
		{F9F7FA4D-5910-4284-9D45-2FFA9B686855} = {A2B1F99A-BBDB-40A6-831F-F84E8782B49D}
	EndGlobalSection
	GlobalSection(ExtensibilityGlobals) = postSolution
		SolutionGuid = {83EA9C30-1C25-4340-860D-D95222087152}
	EndGlobalSection
EndGlobal
